{
  "name": "@jeff9511-cli/init",
  "version": "1.0.0",
  "lockfileVersion": 2,
  "requires": true,
  "packages": {
    "": {
      "name": "@jeff9511-cli/init",
      "version": "1.0.0",
      "license": "MIT",
      "dependencies": {
        "@jeff9511-cli/command": "file:../../models/command",
        "@jeff9511-cli/log": "file:../../utils/log"
      }
    },
    "../../models/command": {
      "name": "@jeff9511-cli/command",
      "version": "1.0.0",
      "license": "MIT",
      "dependencies": {
        "@jeff9511-cli/log": "file:../../utils/log",
        "colors": "^1.4.0",
        "semver": "^7.3.5"
      }
    },
    "../../utils/log": {
      "version": "1.0.3",
      "license": "MIT",
      "dependencies": {
        "npmlog": "^6.0.0"
      }
    },
    "node_modules/@jeff9511-cli/command": {
      "resolved": "../../models/command",
      "link": true
    },
    "node_modules/@jeff9511-cli/log": {
      "resolved": "../../utils/log",
      "link": true
    }
  },
  "dependencies": {
    "@jeff9511-cli/command": {
      "version": "file:../../models/command",
      "requires": {
        "@jeff9511-cli/log": "file:../../utils/log",
        "colors": "^1.4.0",
        "semver": "^7.3.5"
      }
    },
    "@jeff9511-cli/log": {
      "version": "file:../../utils/log",
      "requires": {
        "npmlog": "^6.0.0"
      }
    }
  }
}
