{
  "name": "@jeff9511-cli/init",
  "version": "1.0.0",
  "lockfileVersion": 2,
  "requires": true,
  "packages": {
    "": {
      "name": "@jeff9511-cli/init",
      "version": "1.0.0",
      "license": "MIT",
      "dependencies": {
        "@jeff9511-cli/command": "file:../../models/command"
      }
    },
    "../../models/command": {
      "version": "1.0.0",
      "license": "MIT"
    },
    "node_modules/@jeff9511-cli/command": {
      "resolved": "../../models/command",
      "link": true
    }
  },
  "dependencies": {
    "@jeff9511-cli/command": {
      "version": "file:../../models/command"
    }
  }
}
