{
  "name": "@jeff9511-cli/core",
  "version": "1.0.3",
  "lockfileVersion": 2,
  "requires": true,
  "packages": {
    "": {
      "name": "@jeff9511-cli/core",
      "version": "1.0.3",
      "license": "MIT",
      "dependencies": {
        "@jeff9511-cli/utils": "file:../utils"
      },
      "bin": {
        "jeff-cli": "bin/index.js"
      }
    },
    "../utils": {
      "version": "1.0.3",
      "license": "MIT"
    },
    "node_modules/@jeff9511-cli/utils": {
      "resolved": "../utils",
      "link": true
    }
  },
  "dependencies": {
    "@jeff9511-cli/utils": {
      "version": "file:../utils"
    }
  }
}
