{
  "name": "@jeff9511-cli/exec",
  "version": "1.0.0",
  "lockfileVersion": 2,
  "requires": true,
  "packages": {
    "": {
      "name": "@jeff9511-cli/exec",
      "version": "1.0.0",
      "license": "MIT",
      "dependencies": {
        "@jeff9511-cli/package": "file:../../models/package"
      }
    },
    "../../models/package": {
      "version": "1.0.0",
      "license": "MIT"
    },
    "node_modules/@jeff9511-cli/package": {
      "resolved": "../../models/package",
      "link": true
    }
  },
  "dependencies": {
    "@jeff9511-cli/package": {
      "version": "file:../../models/package"
    }
  }
}
