{
  "name": "@jeff9511-cli/exec",
  "version": "1.0.0",
  "lockfileVersion": 2,
  "requires": true,
  "packages": {
    "": {
      "name": "@jeff9511-cli/exec",
      "version": "1.0.0",
      "license": "MIT",
      "dependencies": {
        "@jeff9511-cli/log": "file:../../utils/log",
        "@jeff9511-cli/package": "file:../../models/package"
      }
    },
    "../../models/package": {
      "name": "@jeff9511-cli/package",
      "version": "1.0.0",
      "license": "MIT",
      "dependencies": {
        "@jeff9511-cli/format-path": "file:../../utils/format-path",
        "@jeff9511-cli/get-npm-info": "file:../../utils/get-npm-info",
        "@jeff9511-cli/log": "file:../../utils/log",
        "@jeff9511-cli/utils": "file:../../utils/utils",
        "fs-extra": "^7.0.1",
        "npminstall": "^5.4.1",
        "path-exists": "^4.0.0",
        "pkg-dir": "^5.0.0"
      }
    },
    "../../utils/log": {
      "version": "1.0.3",
      "license": "MIT",
      "dependencies": {
        "npmlog": "^6.0.0"
      }
    },
    "node_modules/@jeff9511-cli/log": {
      "resolved": "../../utils/log",
      "link": true
    },
    "node_modules/@jeff9511-cli/package": {
      "resolved": "../../models/package",
      "link": true
    }
  },
  "dependencies": {
    "@jeff9511-cli/log": {
      "version": "file:../../utils/log",
      "requires": {
        "npmlog": "^6.0.0"
      }
    },
    "@jeff9511-cli/package": {
      "version": "file:../../models/package",
      "requires": {
        "@jeff9511-cli/format-path": "file:../../utils/format-path",
        "@jeff9511-cli/get-npm-info": "file:../../utils/get-npm-info",
        "@jeff9511-cli/log": "file:../../utils/log",
        "@jeff9511-cli/utils": "file:../../utils/utils",
        "fs-extra": "^7.0.1",
        "npminstall": "^5.4.1",
        "path-exists": "^4.0.0",
        "pkg-dir": "^5.0.0"
      }
    }
  }
}
